// !$*UTF8*$!
{
	archiveVersion = 1;
	classes = {
	};
	objectVersion = 50;
	objects = {

/* Begin PBXBuildFile section */
		920EC4C3273E9BEC000832C4 /* AppDelegate.swift in Sources */ = {isa = PBXBuildFile; fileRef = 920EC4C2273E9BEC000832C4 /* AppDelegate.swift */; };
		920EC4C5273E9BEC000832C4 /* SceneDelegate.swift in Sources */ = {isa = PBXBuildFile; fileRef = 920EC4C4273E9BEC000832C4 /* SceneDelegate.swift */; };
		920EC4C7273E9BEC000832C4 /* ViewController.swift in Sources */ = {isa = PBXBuildFile; fileRef = 920EC4C6273E9BEC000832C4 /* ViewController.swift */; };
		920EC4CA273E9BEC000832C4 /* Main.storyboard in Resources */ = {isa = PBXBuildFile; fileRef = 920EC4C8273E9BEC000832C4 /* Main.storyboard */; };
		920EC4CC273E9BF0000832C4 /* Assets.xcassets in Resources */ = {isa = PBXBuildFile; fileRef = 920EC4CB273E9BF0000832C4 /* Assets.xcassets */; };
		920EC4CF273E9BF0000832C4 /* LaunchScreen.storyboard in Resources */ = {isa = PBXBuildFile; fileRef = 920EC4CD273E9BF0000832C4 /* LaunchScreen.storyboard */; };
		920EC4DA273E9BF1000832C4 /* SampleiOSAppTests.swift in Sources */ = {isa = PBXBuildFile; fileRef = 920EC4D9273E9BF1000832C4 /* SampleiOSAppTests.swift */; };
		920EC4E5273E9BF1000832C4 /* SampleiOSAppUITests.swift in Sources */ = {isa = PBXBuildFile; fileRef = 920EC4E4273E9BF1000832C4 /* SampleiOSAppUITests.swift */; };
/* End PBXBuildFile section */

/* Begin PBXContainerItemProxy section */
		920EC4D6273E9BF1000832C4 /* PBXContainerItemProxy */ = {
			isa = PBXContainerItemProxy;
			containerPortal = 920EC4B7273E9BEC000832C4 /* Project object */;
			proxyType = 1;
			remoteGlobalIDString = 920EC4BE273E9BEC000832C4;
			remoteInfo = SampleiOSApp;
		};
		920EC4E1273E9BF1000832C4 /* PBXContainerItemProxy */ = {
			isa = PBXContainerItemProxy;
			containerPortal = 920EC4B7273E9BEC000832C4 /* Project object */;
			proxyType = 1;
			remoteGlobalIDString = 920EC4BE273E9BEC000832C4;
			remoteInfo = SampleiOSApp;
		};
/* End PBXContainerItemProxy section */

/* Begin PBXFileReference section */
		920EC4BF273E9BEC000832C4 /* SampleiOSApp.app */ = {isa = PBXFileReference; explicitFileType = wrapper.application; includeInIndex = 0; path = SampleiOSApp.app; sourceTree = BUILT_PRODUCTS_DIR; };
		920EC4C2273E9BEC000832C4 /* AppDelegate.swift */ = {isa = PBXFileReference; lastKnownFileType = sourcecode.swift; path = AppDelegate.swift; sourceTree = "<group>"; };
		920EC4C4273E9BEC000832C4 /* SceneDelegate.swift */ = {isa = PBXFileReference; lastKnownFileType = sourcecode.swift; path = SceneDelegate.swift; sourceTree = "<group>"; };
		920EC4C6273E9BEC000832C4 /* ViewController.swift */ = {isa = PBXFileReference; lastKnownFileType = sourcecode.swift; path = ViewController.swift; sourceTree = "<group>"; };
		920EC4C9273E9BEC000832C4 /* Base */ = {isa = PBXFileReference; lastKnownFileType = file.storyboard; name = Base; path = Base.lproj/Main.storyboard; sourceTree = "<group>"; };
		920EC4CB273E9BF0000832C4 /* Assets.xcassets */ = {isa = PBXFileReference; lastKnownFileType = folder.assetcatalog; path = Assets.xcassets; sourceTree = "<group>"; };
		920EC4CE273E9BF0000832C4 /* Base */ = {isa = PBXFileReference; lastKnownFileType = file.storyboard; name = Base; path = Base.lproj/LaunchScreen.storyboard; sourceTree = "<group>"; };
		920EC4D0273E9BF0000832C4 /* Info.plist */ = {isa = PBXFileReference; lastKnownFileType = text.plist.xml; path = Info.plist; sourceTree = "<group>"; };
		920EC4D5273E9BF1000832C4 /* SampleiOSAppTests.xctest */ = {isa = PBXFileReference; explicitFileType = wrapper.cfbundle; includeInIndex = 0; path = SampleiOSAppTests.xctest; sourceTree = BUILT_PRODUCTS_DIR; };
		920EC4D9273E9BF1000832C4 /* SampleiOSAppTests.swift */ = {isa = PBXFileReference; lastKnownFileType = sourcecode.swift; path = SampleiOSAppTests.swift; sourceTree = "<group>"; };
		920EC4DB273E9BF1000832C4 /* Info.plist */ = {isa = PBXFileReference; lastKnownFileType = text.plist.xml; path = Info.plist; sourceTree = "<group>"; };
		920EC4E0273E9BF1000832C4 /* SampleiOSAppUITests.xctest */ = {isa = PBXFileReference; explicitFileType = wrapper.cfbundle; includeInIndex = 0; path = SampleiOSAppUITests.xctest; sourceTree = BUILT_PRODUCTS_DIR; };
		920EC4E4273E9BF1000832C4 /* SampleiOSAppUITests.swift */ = {isa = PBXFileReference; lastKnownFileType = sourcecode.swift; path = SampleiOSAppUITests.swift; sourceTree = "<group>"; };
		920EC4E6273E9BF1000832C4 /* Info.plist */ = {isa = PBXFileReference; lastKnownFileType = text.plist.xml; path = Info.plist; sourceTree = "<group>"; };
/* End PBXFileReference section */

/* Begin PBXFrameworksBuildPhase section */
		920EC4BC273E9BEC000832C4 /* Frameworks */ = {
			isa = PBXFrameworksBuildPhase;
			buildActionMask = 2147483647;
			files = (
			);
			runOnlyForDeploymentPostprocessing = 0;
		};
		920EC4D2273E9BF1000832C4 /* Frameworks */ = {
			isa = PBXFrameworksBuildPhase;
			buildActionMask = 2147483647;
			files = (
			);
			runOnlyForDeploymentPostprocessing = 0;
		};
		920EC4DD273E9BF1000832C4 /* Frameworks */ = {
			isa = PBXFrameworksBuildPhase;
			buildActionMask = 2147483647;
			files = (
			);
			runOnlyForDeploymentPostprocessing = 0;
		};
/* End PBXFrameworksBuildPhase section */

/* Begin PBXGroup section */
		920EC4B6273E9BEC000832C4 = {
			isa = PBXGroup;
			children = (
				920EC4C1273E9BEC000832C4 /* SampleiOSApp */,
				920EC4D8273E9BF1000832C4 /* SampleiOSAppTests */,
				920EC4E3273E9BF1000832C4 /* SampleiOSAppUITests */,
				920EC4C0273E9BEC000832C4 /* Products */,
			);
			sourceTree = "<group>";
		};
		920EC4C0273E9BEC000832C4 /* Products */ = {
			isa = PBXGroup;
			children = (
				920EC4BF273E9BEC000832C4 /* SampleiOSApp.app */,
				920EC4D5273E9BF1000832C4 /* SampleiOSAppTests.xctest */,
				920EC4E0273E9BF1000832C4 /* SampleiOSAppUITests.xctest */,
			);
			name = Products;
			sourceTree = "<group>";
		};
		920EC4C1273E9BEC000832C4 /* SampleiOSApp */ = {
			isa = PBXGroup;
			children = (
				920EC4C2273E9BEC000832C4 /* AppDelegate.swift */,
				920EC4C4273E9BEC000832C4 /* SceneDelegate.swift */,
				920EC4C6273E9BEC000832C4 /* ViewController.swift */,
				920EC4C8273E9BEC000832C4 /* Main.storyboard */,
				920EC4CB273E9BF0000832C4 /* Assets.xcassets */,
				920EC4CD273E9BF0000832C4 /* LaunchScreen.storyboard */,
				920EC4D0273E9BF0000832C4 /* Info.plist */,
			);
			path = SampleiOSApp;
			sourceTree = "<group>";
		};
		920EC4D8273E9BF1000832C4 /* SampleiOSAppTests */ = {
			isa = PBXGroup;
			children = (
				920EC4D9273E9BF1000832C4 /* SampleiOSAppTests.swift */,
				920EC4DB273E9BF1000832C4 /* Info.plist */,
			);
			path = SampleiOSAppTests;
			sourceTree = "<group>";
		};
		920EC4E3273E9BF1000832C4 /* SampleiOSAppUITests */ = {
			isa = PBXGroup;
			children = (
				920EC4E4273E9BF1000832C4 /* SampleiOSAppUITests.swift */,
				920EC4E6273E9BF1000832C4 /* Info.plist */,
			);
			path = SampleiOSAppUITests;
			sourceTree = "<group>";
		};
/* End PBXGroup section */

/* Begin PBXNativeTarget section */
		920EC4BE273E9BEC000832C4 /* SampleiOSApp */ = {
			isa = PBXNativeTarget;
			buildConfigurationList = 920EC4E9273E9BF1000832C4 /* Build configuration list for PBXNativeTarget "SampleiOSApp" */;
			buildPhases = (
				920EC4BB273E9BEC000832C4 /* Sources */,
				920EC4BC273E9BEC000832C4 /* Frameworks */,
				920EC4BD273E9BEC000832C4 /* Resources */,
			);
			buildRules = (
			);
			dependencies = (
			);
			name = SampleiOSApp;
			productName = SampleiOSApp;
			productReference = 920EC4BF273E9BEC000832C4 /* SampleiOSApp.app */;
			productType = "com.apple.product-type.application";
		};
		920EC4D4273E9BF1000832C4 /* SampleiOSAppTests */ = {
			isa = PBXNativeTarget;
			buildConfigurationList = 920EC4EC273E9BF1000832C4 /* Build configuration list for PBXNativeTarget "SampleiOSAppTests" */;
			buildPhases = (
				920EC4D1273E9BF1000832C4 /* Sources */,
				920EC4D2273E9BF1000832C4 /* Frameworks */,
				920EC4D3273E9BF1000832C4 /* Resources */,
			);
			buildRules = (
			);
			dependencies = (
				920EC4D7273E9BF1000832C4 /* PBXTargetDependency */,
			);
			name = SampleiOSAppTests;
			productName = SampleiOSAppTests;
			productReference = 920EC4D5273E9BF1000832C4 /* SampleiOSAppTests.xctest */;
			productType = "com.apple.product-type.bundle.unit-test";
		};
		920EC4DF273E9BF1000832C4 /* SampleiOSAppUITests */ = {
			isa = PBXNativeTarget;
			buildConfigurationList = 920EC4EF273E9BF1000832C4 /* Build configuration list for PBXNativeTarget "SampleiOSAppUITests" */;
			buildPhases = (
				920EC4DC273E9BF1000832C4 /* Sources */,
				920EC4DD273E9BF1000832C4 /* Frameworks */,
				920EC4DE273E9BF1000832C4 /* Resources */,
			);
			buildRules = (
			);
			dependencies = (
				920EC4E2273E9BF1000832C4 /* PBXTargetDependency */,
			);
			name = SampleiOSAppUITests;
			productName = SampleiOSAppUITests;
			productReference = 920EC4E0273E9BF1000832C4 /* SampleiOSAppUITests.xctest */;
			productType = "com.apple.product-type.bundle.ui-testing";
		};
/* End PBXNativeTarget section */

/* Begin PBXProject section */
		920EC4B7273E9BEC000832C4 /* Project object */ = {
			isa = PBXProject;
			attributes = {
				LastSwiftUpdateCheck = 1230;
				LastUpgradeCheck = 1230;
				TargetAttributes = {
					920EC4BE273E9BEC000832C4 = {
						CreatedOnToolsVersion = 12.3;
					};
					920EC4D4273E9BF1000832C4 = {
						CreatedOnToolsVersion = 12.3;
						TestTargetID = 920EC4BE273E9BEC000832C4;
					};
					920EC4DF273E9BF1000832C4 = {
						CreatedOnToolsVersion = 12.3;
						TestTargetID = 920EC4BE273E9BEC000832C4;
					};
				};
			};
			buildConfigurationList = 920EC4BA273E9BEC000832C4 /* Build configuration list for PBXProject "SampleiOSApp" */;
			compatibilityVersion = "Xcode 9.3";
			developmentRegion = en;
			hasScannedForEncodings = 0;
			knownRegions = (
				en,
				Base,
			);
			mainGroup = 920EC4B6273E9BEC000832C4;
			productRefGroup = 920EC4C0273E9BEC000832C4 /* Products */;
			projectDirPath = "";
			projectRoot = "";
			targets = (
				920EC4BE273E9BEC000832C4 /* SampleiOSApp */,
				920EC4D4273E9BF1000832C4 /* SampleiOSAppTests */,
				920EC4DF273E9BF1000832C4 /* SampleiOSAppUITests */,
			);
		};
/* End PBXProject section */

/* Begin PBXResourcesBuildPhase section */
		920EC4BD273E9BEC000832C4 /* Resources */ = {
			isa = PBXResourcesBuildPhase;
			buildActionMask = 2147483647;
			files = (
				920EC4CF273E9BF0000832C4 /* LaunchScreen.storyboard in Resources */,
				920EC4CC273E9BF0000832C4 /* Assets.xcassets in Resources */,
				920EC4CA273E9BEC000832C4 /* Main.storyboard in Resources */,
			);
			runOnlyForDeploymentPostprocessing = 0;
		};
		920EC4D3273E9BF1000832C4 /* Resources */ = {
			isa = PBXResourcesBuildPhase;
			buildActionMask = 2147483647;
			files = (
			);
			runOnlyForDeploymentPostprocessing = 0;
		};
		920EC4DE273E9BF1000832C4 /* Resources */ = {
			isa = PBXResourcesBuildPhase;
			buildActionMask = 2147483647;
			files = (
			);
			runOnlyForDeploymentPostprocessing = 0;
		};
/* End PBXResourcesBuildPhase section */

/* Begin PBXSourcesBuildPhase section */
		920EC4BB273E9BEC000832C4 /* Sources */ = {
			isa = PBXSourcesBuildPhase;
			buildActionMask = 2147483647;
			files = (
				920EC4C7273E9BEC000832C4 /* ViewController.swift in Sources */,
				920EC4C3273E9BEC000832C4 /* AppDelegate.swift in Sources */,
				920EC4C5273E9BEC000832C4 /* SceneDelegate.swift in Sources */,
			);
			runOnlyForDeploymentPostprocessing = 0;
		};
		920EC4D1273E9BF1000832C4 /* Sources */ = {
			isa = PBXSourcesBuildPhase;
			buildActionMask = 2147483647;
			files = (
				920EC4DA273E9BF1000832C4 /* SampleiOSAppTests.swift in Sources */,
			);
			runOnlyForDeploymentPostprocessing = 0;
		};
		920EC4DC273E9BF1000832C4 /* Sources */ = {
			isa = PBXSourcesBuildPhase;
			buildActionMask = 2147483647;
			files = (
				920EC4E5273E9BF1000832C4 /* SampleiOSAppUITests.swift in Sources */,
			);
			runOnlyForDeploymentPostprocessing = 0;
		};
/* End PBXSourcesBuildPhase section */

/* Begin PBXTargetDependency section */
		920EC4D7273E9BF1000832C4 /* PBXTargetDependency */ = {
			isa = PBXTargetDependency;
			target = 920EC4BE273E9BEC000832C4 /* SampleiOSApp */;
			targetProxy = 920EC4D6273E9BF1000832C4 /* PBXContainerItemProxy */;
		};
		920EC4E2273E9BF1000832C4 /* PBXTargetDependency */ = {
			isa = PBXTargetDependency;
			target = 920EC4BE273E9BEC000832C4 /* SampleiOSApp */;
			targetProxy = 920EC4E1273E9BF1000832C4 /* PBXContainerItemProxy */;
		};
/* End PBXTargetDependency section */

/* Begin PBXVariantGroup section */
		920EC4C8273E9BEC000832C4 /* Main.storyboard */ = {
			isa = PBXVariantGroup;
			children = (
				920EC4C9273E9BEC000832C4 /* Base */,
			);
			name = Main.storyboard;
			sourceTree = "<group>";
		};
		920EC4CD273E9BF0000832C4 /* LaunchScreen.storyboard */ = {
			isa = PBXVariantGroup;
			children = (
				920EC4CE273E9BF0000832C4 /* Base */,
			);
			name = LaunchScreen.storyboard;
			sourceTree = "<group>";
		};
/* End PBXVariantGroup section */

/* Begin XCBuildConfiguration section */
		920EC4E7273E9BF1000832C4 /* Debug */ = {
			isa = XCBuildConfiguration;
			buildSettings = {
				ALWAYS_SEARCH_USER_PATHS = NO;
				CLANG_ANALYZER_NONNULL = YES;
				CLANG_ANALYZER_NUMBER_OBJECT_CONVERSION = YES_AGGRESSIVE;
				CLANG_CXX_LANGUAGE_STANDARD = "gnu++14";
				CLANG_CXX_LIBRARY = "libc++";
				CLANG_ENABLE_MODULES = YES;
				CLANG_ENABLE_OBJC_ARC = YES;
				CLANG_ENABLE_OBJC_WEAK = YES;
				CLANG_WARN_BLOCK_CAPTURE_AUTORELEASING = YES;
				CLANG_WARN_BOOL_CONVERSION = YES;
				CLANG_WARN_COMMA = YES;
				CLANG_WARN_CONSTANT_CONVERSION = YES;
				CLANG_WARN_DEPRECATED_OBJC_IMPLEMENTATIONS = YES;
				CLANG_WARN_DIRECT_OBJC_ISA_USAGE = YES_ERROR;
				CLANG_WARN_DOCUMENTATION_COMMENTS = YES;
				CLANG_WARN_EMPTY_BODY = YES;
				CLANG_WARN_ENUM_CONVERSION = YES;
				CLANG_WARN_INFINITE_RECURSION = YES;
				CLANG_WARN_INT_CONVERSION = YES;
				CLANG_WARN_NON_LITERAL_NULL_CONVERSION = YES;
				CLANG_WARN_OBJC_IMPLICIT_RETAIN_SELF = YES;
				CLANG_WARN_OBJC_LITERAL_CONVERSION = YES;
				CLANG_WARN_OBJC_ROOT_CLASS = YES_ERROR;
				CLANG_WARN_QUOTED_INCLUDE_IN_FRAMEWORK_HEADER = YES;
				CLANG_WARN_RANGE_LOOP_ANALYSIS = YES;
				CLANG_WARN_STRICT_PROTOTYPES = YES;
				CLANG_WARN_SUSPICIOUS_MOVE = YES;
				CLANG_WARN_UNGUARDED_AVAILABILITY = YES_AGGRESSIVE;
				CLANG_WARN_UNREACHABLE_CODE = YES;
				CLANG_WARN__DUPLICATE_METHOD_MATCH = YES;
				COPY_PHASE_STRIP = NO;
				DEBUG_INFORMATION_FORMAT = dwarf;
				ENABLE_STRICT_OBJC_MSGSEND = YES;
				ENABLE_TESTABILITY = YES;
				GCC_C_LANGUAGE_STANDARD = gnu11;
				GCC_DYNAMIC_NO_PIC = NO;
				GCC_NO_COMMON_BLOCKS = YES;
				GCC_OPTIMIZATION_LEVEL = 0;
				GCC_PREPROCESSOR_DEFINITIONS = (
					"DEBUG=1",
					"$(inherited)",
				);
				GCC_WARN_64_TO_32_BIT_CONVERSION = YES;
				GCC_WARN_ABOUT_RETURN_TYPE = YES_ERROR;
				GCC_WARN_UNDECLARED_SELECTOR = YES;
				GCC_WARN_UNINITIALIZED_AUTOS = YES_AGGRESSIVE;
				GCC_WARN_UNUSED_FUNCTION = YES;
				GCC_WARN_UNUSED_VARIABLE = YES;
				IPHONEOS_DEPLOYMENT_TARGET = 14.3;
				MTL_ENABLE_DEBUG_INFO = INCLUDE_SOURCE;
				MTL_FAST_MATH = YES;
				ONLY_ACTIVE_ARCH = YES;
				SDKROOT = iphoneos;
				SWIFT_ACTIVE_COMPILATION_CONDITIONS = DEBUG;
				SWIFT_OPTIMIZATION_LEVEL = "-Onone";
			};
			name = Debug;
		};
		920EC4E8273E9BF1000832C4 /* Release */ = {
			isa = XCBuildConfiguration;
			buildSettings = {
				ALWAYS_SEARCH_USER_PATHS = NO;
				CLANG_ANALYZER_NONNULL = YES;
				CLANG_ANALYZER_NUMBER_OBJECT_CONVERSION = YES_AGGRESSIVE;
				CLANG_CXX_LANGUAGE_STANDARD = "gnu++14";
				CLANG_CXX_LIBRARY = "libc++";
				CLANG_ENABLE_MODULES = YES;
				CLANG_ENABLE_OBJC_ARC = YES;
				CLANG_ENABLE_OBJC_WEAK = YES;
				CLANG_WARN_BLOCK_CAPTURE_AUTORELEASING = YES;
				CLANG_WARN_BOOL_CONVERSION = YES;
				CLANG_WARN_COMMA = YES;
				CLANG_WARN_CONSTANT_CONVERSION = YES;
				CLANG_WARN_DEPRECATED_OBJC_IMPLEMENTATIONS = YES;
				CLANG_WARN_DIRECT_OBJC_ISA_USAGE = YES_ERROR;
				CLANG_WARN_DOCUMENTATION_COMMENTS = YES;
				CLANG_WARN_EMPTY_BODY = YES;
				CLANG_WARN_ENUM_CONVERSION = YES;
				CLANG_WARN_INFINITE_RECURSION = YES;
				CLANG_WARN_INT_CONVERSION = YES;
				CLANG_WARN_NON_LITERAL_NULL_CONVERSION = YES;
				CLANG_WARN_OBJC_IMPLICIT_RETAIN_SELF = YES;
				CLANG_WARN_OBJC_LITERAL_CONVERSION = YES;
				CLANG_WARN_OBJC_ROOT_CLASS = YES_ERROR;
				CLANG_WARN_QUOTED_INCLUDE_IN_FRAMEWORK_HEADER = YES;
				CLANG_WARN_RANGE_LOOP_ANALYSIS = YES;
				CLANG_WARN_STRICT_PROTOTYPES = YES;
				CLANG_WARN_SUSPICIOUS_MOVE = YES;
				CLANG_WARN_UNGUARDED_AVAILABILITY = YES_AGGRESSIVE;
				CLANG_WARN_UNREACHABLE_CODE = YES;
				CLANG_WARN__DUPLICATE_METHOD_MATCH = YES;
				COPY_PHASE_STRIP = NO;
				DEBUG_INFORMATION_FORMAT = "dwarf-with-dsym";
				ENABLE_NS_ASSERTIONS = NO;
				ENABLE_STRICT_OBJC_MSGSEND = YES;
				GCC_C_LANGUAGE_STANDARD = gnu11;
				GCC_NO_COMMON_BLOCKS = YES;
				GCC_WARN_64_TO_32_BIT_CONVERSION = YES;
				GCC_WARN_ABOUT_RETURN_TYPE = YES_ERROR;
				GCC_WARN_UNDECLARED_SELECTOR = YES;
				GCC_WARN_UNINITIALIZED_AUTOS = YES_AGGRESSIVE;
				GCC_WARN_UNUSED_FUNCTION = YES;
				GCC_WARN_UNUSED_VARIABLE = YES;
				IPHONEOS_DEPLOYMENT_TARGET = 14.3;
				MTL_ENABLE_DEBUG_INFO = NO;
				MTL_FAST_MATH = YES;
				SDKROOT = iphoneos;
				SWIFT_COMPILATION_MODE = wholemodule;
				SWIFT_OPTIMIZATION_LEVEL = "-O";
				VALIDATE_PRODUCT = YES;
			};
			name = Release;
		};
		920EC4EA273E9BF1000832C4 /* Debug */ = {
			isa = XCBuildConfiguration;
			buildSettings = {
				ASSETCATALOG_COMPILER_APPICON_NAME = AppIcon;
				ASSETCATALOG_COMPILER_GLOBAL_ACCENT_COLOR_NAME = AccentColor;
				CODE_SIGN_STYLE = Automatic;
				DEVELOPMENT_TEAM = AT873UG7F9;
				INFOPLIST_FILE = SampleiOSApp/Info.plist;
				LD_RUNPATH_SEARCH_PATHS = (
					"$(inherited)",
					"@executable_path/Frameworks",
				);
				PRODUCT_BUNDLE_IDENTIFIER = amol.pimpare.SampleiOSApp;
				PRODUCT_NAME = "$(TARGET_NAME)";
				SWIFT_VERSION = 5.0;
				TARGETED_DEVICE_FAMILY = "1,2";
			};
			name = Debug;
		};
		920EC4EB273E9BF1000832C4 /* Release */ = {
			isa = XCBuildConfiguration;
			buildSettings = {
				ASSETCATALOG_COMPILER_APPICON_NAME = AppIcon;
				ASSETCATALOG_COMPILER_GLOBAL_ACCENT_COLOR_NAME = AccentColor;
				CODE_SIGN_STYLE = Automatic;
				DEVELOPMENT_TEAM = AT873UG7F9;
				INFOPLIST_FILE = SampleiOSApp/Info.plist;
				LD_RUNPATH_SEARCH_PATHS = (
					"$(inherited)",
					"@executable_path/Frameworks",
				);
				PRODUCT_BUNDLE_IDENTIFIER = amol.pimpare.SampleiOSApp;
				PRODUCT_NAME = "$(TARGET_NAME)";
				SWIFT_VERSION = 5.0;
				TARGETED_DEVICE_FAMILY = "1,2";
			};
			name = Release;
		};
		920EC4ED273E9BF1000832C4 /* Debug */ = {
			isa = XCBuildConfiguration;
			buildSettings = {
				ALWAYS_EMBED_SWIFT_STANDARD_LIBRARIES = YES;
				BUNDLE_LOADER = "$(TEST_HOST)";
				CODE_SIGN_STYLE = Automatic;
				DEVELOPMENT_TEAM = AT873UG7F9;
				INFOPLIST_FILE = SampleiOSAppTests/Info.plist;
				IPHONEOS_DEPLOYMENT_TARGET = 14.3;
				LD_RUNPATH_SEARCH_PATHS = (
					"$(inherited)",
					"@executable_path/Frameworks",
					"@loader_path/Frameworks",
				);
				PRODUCT_BUNDLE_IDENTIFIER = amol.pimpare.SampleiOSAppTests;
				PRODUCT_NAME = "$(TARGET_NAME)";
				SWIFT_VERSION = 5.0;
				TARGETED_DEVICE_FAMILY = "1,2";
				TEST_HOST = "$(BUILT_PRODUCTS_DIR)/SampleiOSApp.app/SampleiOSApp";
			};
			name = Debug;
		};
		920EC4EE273E9BF1000832C4 /* Release */ = {
			isa = XCBuildConfiguration;
			buildSettings = {
				ALWAYS_EMBED_SWIFT_STANDARD_LIBRARIES = YES;
				BUNDLE_LOADER = "$(TEST_HOST)";
				CODE_SIGN_STYLE = Automatic;
				DEVELOPMENT_TEAM = AT873UG7F9;
				INFOPLIST_FILE = SampleiOSAppTests/Info.plist;
				IPHONEOS_DEPLOYMENT_TARGET = 14.3;
				LD_RUNPATH_SEARCH_PATHS = (
					"$(inherited)",
					"@executable_path/Frameworks",
					"@loader_path/Frameworks",
				);
				PRODUCT_BUNDLE_IDENTIFIER = amol.pimpare.SampleiOSAppTests;
				PRODUCT_NAME = "$(TARGET_NAME)";
				SWIFT_VERSION = 5.0;
				TARGETED_DEVICE_FAMILY = "1,2";
				TEST_HOST = "$(BUILT_PRODUCTS_DIR)/SampleiOSApp.app/SampleiOSApp";
			};
			name = Release;
		};
		920EC4F0273E9BF1000832C4 /* Debug */ = {
			isa = XCBuildConfiguration;
			buildSettings = {
				ALWAYS_EMBED_SWIFT_STANDARD_LIBRARIES = YES;
				CODE_SIGN_STYLE = Automatic;
				DEVELOPMENT_TEAM = AT873UG7F9;
				INFOPLIST_FILE = SampleiOSAppUITests/Info.plist;
				LD_RUNPATH_SEARCH_PATHS = (
					"$(inherited)",
					"@executable_path/Frameworks",
					"@loader_path/Frameworks",
				);
				PRODUCT_BUNDLE_IDENTIFIER = amol.pimpare.SampleiOSAppUITests;
				PRODUCT_NAME = "$(TARGET_NAME)";
				SWIFT_VERSION = 5.0;
				TARGETED_DEVICE_FAMILY = "1,2";
				TEST_TARGET_NAME = SampleiOSApp;
			};
			name = Debug;
		};
		920EC4F1273E9BF1000832C4 /* Release */ = {
			isa = XCBuildConfiguration;
			buildSettings = {
				ALWAYS_EMBED_SWIFT_STANDARD_LIBRARIES = YES;
				CODE_SIGN_STYLE = Automatic;
				DEVELOPMENT_TEAM = AT873UG7F9;
				INFOPLIST_FILE = SampleiOSAppUITests/Info.plist;
				LD_RUNPATH_SEARCH_PATHS = (
					"$(inherited)",
					"@executable_path/Frameworks",
					"@loader_path/Frameworks",
				);
				PRODUCT_BUNDLE_IDENTIFIER = amol.pimpare.SampleiOSAppUITests;
				PRODUCT_NAME = "$(TARGET_NAME)";
				SWIFT_VERSION = 5.0;
				TARGETED_DEVICE_FAMILY = "1,2";
				TEST_TARGET_NAME = SampleiOSApp;
			};
			name = Release;
		};
/* End XCBuildConfiguration section */

/* Begin XCConfigurationList section */
		920EC4BA273E9BEC000832C4 /* Build configuration list for PBXProject "SampleiOSApp" */ = {
			isa = XCConfigurationList;
			buildConfigurations = (
				920EC4E7273E9BF1000832C4 /* Debug */,
				920EC4E8273E9BF1000832C4 /* Release */,
			);
			defaultConfigurationIsVisible = 0;
			defaultConfigurationName = Release;
		};
		920EC4E9273E9BF1000832C4 /* Build configuration list for PBXNativeTarget "SampleiOSApp" */ = {
			isa = XCConfigurationList;
			buildConfigurations = (
				920EC4EA273E9BF1000832C4 /* Debug */,
				920EC4EB273E9BF1000832C4 /* Release */,
			);
			defaultConfigurationIsVisible = 0;
			defaultConfigurationName = Release;
		};
		920EC4EC273E9BF1000832C4 /* Build configuration list for PBXNativeTarget "SampleiOSAppTests" */ = {
			isa = XCConfigurationList;
			buildConfigurations = (
				920EC4ED273E9BF1000832C4 /* Debug */,
				920EC4EE273E9BF1000832C4 /* Release */,
			);
			defaultConfigurationIsVisible = 0;
			defaultConfigurationName = Release;
		};
		920EC4EF273E9BF1000832C4 /* Build configuration list for PBXNativeTarget "SampleiOSAppUITests" */ = {
			isa = XCConfigurationList;
			buildConfigurations = (
				920EC4F0273E9BF1000832C4 /* Debug */,
				920EC4F1273E9BF1000832C4 /* Release */,
			);
			defaultConfigurationIsVisible = 0;
			defaultConfigurationName = Release;
		};
/* End XCConfigurationList section */
	};
	rootObject = 920EC4B7273E9BEC000832C4 /* Project object */;
}
